
Microsoft Visual Studio Solution File, Format Version 12.00
# Visual Studio Version 17
VisualStudioVersion = 17.8.34511.84
MinimumVisualStudioVersion = 10.0.40219.1
Project("{FAE04EC0-301F-11D3-BF4B-00C04F79EFBC}") = "Huy_Final_0843", "Huy_Final_0843\Huy_Final_0843.csproj", "{A32C2F4C-FAC0-4192-BA02-F163E8F6AF04}"
EndProject
Global
	GlobalSection(SolutionConfigurationPlatforms) = preSolution
		Debug|Any CPU = Debug|Any CPU
		Release|Any CPU = Release|Any CPU
	EndGlobalSection
	GlobalSection(ProjectConfigurationPlatforms) = postSolution
		{A32C2F4C-FAC0-4192-BA02-F163E8F6AF04}.Debug|Any CPU.ActiveCfg = Debug|Any CPU
		{A32C2F4C-FAC0-4192-BA02-F163E8F6AF04}.Debug|Any CPU.Build.0 = Debug|Any CPU
		{A32C2F4C-FAC0-4192-BA02-F163E8F6AF04}.Release|Any CPU.ActiveCfg = Release|Any CPU
		{A32C2F4C-FAC0-4192-BA02-F163E8F6AF04}.Release|Any CPU.Build.0 = Release|Any CPU
	EndGlobalSection
	GlobalSection(SolutionProperties) = preSolution
		HideSolutionNode = FALSE
	EndGlobalSection
	GlobalSection(ExtensibilityGlobals) = postSolution
		SolutionGuid = {6EAE8A74-962A-4FDB-B155-E48A3DB5ED10}
	EndGlobalSection
EndGlobal
